
Microsoft Visual Studio Solution File, Format Version 12.00
# Visual Studio Version 17
VisualStudioVersion = 17.5.33516.290
MinimumVisualStudioVersion = 10.0.40219.1
Project("{F184B08F-C81C-45F6-A57F-5ABD9991F28F}") = "radiobutton", "radiobutton\radiobutton.vbproj", "{B243EDC6-4C78-4999-BFB7-7D8738557074}"
EndProject
Global
	GlobalSection(SolutionConfigurationPlatforms) = preSolution
		Debug|Any CPU = Debug|Any CPU
		Release|Any CPU = Release|Any CPU
	EndGlobalSection
	GlobalSection(ProjectConfigurationPlatforms) = postSolution
		{B243EDC6-4C78-4999-BFB7-7D8738557074}.Debug|Any CPU.ActiveCfg = Debug|Any CPU
		{B243EDC6-4C78-4999-BFB7-7D8738557074}.Debug|Any CPU.Build.0 = Debug|Any CPU
		{B243EDC6-4C78-4999-BFB7-7D8738557074}.Release|Any CPU.ActiveCfg = Release|Any CPU
		{B243EDC6-4C78-4999-BFB7-7D8738557074}.Release|Any CPU.Build.0 = Release|Any CPU
	EndGlobalSection
	GlobalSection(SolutionProperties) = preSolution
		HideSolutionNode = FALSE
	EndGlobalSection
	GlobalSection(ExtensibilityGlobals) = postSolution
		SolutionGuid = {769EF3F5-57C7-48D7-B1DE-AFACC5783C73}
	EndGlobalSection
EndGlobal
